
Microsoft Visual Studio Solution File, Format Version 11.00
# Visual Studio 2010
Project("{8BC9CEB8-8B4A-11D0-8D11-00A0C91BC942}") = "Parallel_Dop_CUDA", "Parallel_Dop_CUDA\Parallel_Dop_CUDA.vcxproj", "{EF771DD2-FB5E-4941-AF44-9B718076F6C9}"
EndProject
Project("{8BC9CEB8-8B4A-11D0-8D11-00A0C91BC942}") = "Test", "Test\Test.vcxproj", "{35C4F3CE-42E1-4E31-8784-720F975D7880}"
EndProject
Global
	GlobalSection(SolutionConfigurationPlatforms) = preSolution
		Debug|Win32 = Debug|Win32
		Release|Win32 = Release|Win32
	EndGlobalSection
	GlobalSection(ProjectConfigurationPlatforms) = postSolution
		{EF771DD2-FB5E-4941-AF44-9B718076F6C9}.Debug|Win32.ActiveCfg = Debug|Win32
		{EF771DD2-FB5E-4941-AF44-9B718076F6C9}.Debug|Win32.Build.0 = Debug|Win32
		{EF771DD2-FB5E-4941-AF44-9B718076F6C9}.Release|Win32.ActiveCfg = Release|Win32
		{EF771DD2-FB5E-4941-AF44-9B718076F6C9}.Release|Win32.Build.0 = Release|Win32
		{35C4F3CE-42E1-4E31-8784-720F975D7880}.Debug|Win32.ActiveCfg = Debug|Win32
		{35C4F3CE-42E1-4E31-8784-720F975D7880}.Debug|Win32.Build.0 = Debug|Win32
		{35C4F3CE-42E1-4E31-8784-720F975D7880}.Release|Win32.ActiveCfg = Release|Win32
		{35C4F3CE-42E1-4E31-8784-720F975D7880}.Release|Win32.Build.0 = Release|Win32
	EndGlobalSection
	GlobalSection(SolutionProperties) = preSolution
		HideSolutionNode = FALSE
	EndGlobalSection
EndGlobal
